
Microsoft Visual Studio Solution File, Format Version 12.00
# Visual Studio Version 17
VisualStudioVersion = 17.1.32328.378
MinimumVisualStudioVersion = 10.0.40219.1
Project("{9A19103F-16F7-4668-BE54-9A1E7A4F7556}") = "FirstProject", "FirstProject\FirstProject.csproj", "{D8CE4B5A-A149-4A48-B66A-6527CB9FC045}"
EndProject
Project("{9A19103F-16F7-4668-BE54-9A1E7A4F7556}") = "Variables", "Variables\Variables.csproj", "{581EAFCA-8145-4DC5-93F2-E8D8D95A9104}"
EndProject
Project("{9A19103F-16F7-4668-BE54-9A1E7A4F7556}") = "Methods", "Methods\Methods.csproj", "{789CF2E2-B3AB-4ED9-843E-25E189DEA110}"
EndProject
Project("{9A19103F-16F7-4668-BE54-9A1E7A4F7556}") = "ClassUsageBasic", "ClassUsageBasic\ClassUsageBasic.csproj", "{96537DAA-E8B5-4C24-B7E6-7CF8E2A48F55}"
EndProject
Project("{9A19103F-16F7-4668-BE54-9A1E7A4F7556}") = "Example01_ClassObjectinstance", "Example01_ClassObjectinstance\Example01_ClassObjectinstance.csproj", "{A4ACA92B-DFC0-417A-B96D-99B5FBB5120C}"
EndProject
Project("{9A19103F-16F7-4668-BE54-9A1E7A4F7556}") = "Statement_If", "Statement_If\Statement_If.csproj", "{3CFF04BD-F758-4FD3-BFE4-FC6D72712D60}"
EndProject
Project("{9A19103F-16F7-4668-BE54-9A1E7A4F7556}") = "Operators", "Operators\Operators.csproj", "{D965C2AD-414A-4240-86F5-821B21597EC4}"
EndProject
Project("{9A19103F-16F7-4668-BE54-9A1E7A4F7556}") = "Array", "Array\Array.csproj", "{D5EFB569-CFBF-4A24-AE61-8B3265B65C15}"
EndProject
Project("{9A19103F-16F7-4668-BE54-9A1E7A4F7556}") = "Array2Dimension", "Array2Dimension\Array2Dimension.csproj", "{6FBC8594-EEAE-4782-9428-04707E413F96}"
EndProject
Project("{9A19103F-16F7-4668-BE54-9A1E7A4F7556}") = "Statement_Loops", "Statement_Loops\Statement_Loops.csproj", "{B95FF176-3387-409A-BF25-42F88B364B4E}"
EndProject
Project("{9A19103F-16F7-4668-BE54-9A1E7A4F7556}") = "Statement_SwitchCase", "Statement_SwitchCase\Statement_SwitchCase.csproj", "{C5448632-B0A2-42C2-A633-7087923C2004}"
EndProject
Project("{9A19103F-16F7-4668-BE54-9A1E7A4F7556}") = "Structure", "Structure\Structure.csproj", "{9440F129-5C2B-4FE2-9DB7-15B78CE9B5EA}"
EndProject
Project("{9A19103F-16F7-4668-BE54-9A1E7A4F7556}") = "Example02_HorseRacing", "HorseRacing\Example02_HorseRacing.csproj", "{A20C0A35-34B7-42A9-8AF6-DC46DF89C962}"
EndProject
Project("{9A19103F-16F7-4668-BE54-9A1E7A4F7556}") = "ClassInheritanceAndPolymorphism", "ClassInheritanceAndPolymorphism\ClassInheritanceAndPolymorphism.csproj", "{5C8921CE-34E0-427D-AC21-2E1DCD8B46CF}"
EndProject
Project("{FAE04EC0-301F-11D3-BF4B-00C04F79EFBC}") = "Collections", "Collections\Collections.csproj", "{AA986499-832D-4525-80B1-278838C15EC8}"
EndProject
Project("{FAE04EC0-301F-11D3-BF4B-00C04F79EFBC}") = "Example03_DynamicArray", "Example03_DynamicArray\Example03_DynamicArray.csproj", "{DDF0C105-C439-49A0-9937-B3BB45ADCFCE}"
EndProject
Project("{FAE04EC0-301F-11D3-BF4B-00C04F79EFBC}") = "Example04_MyLinkedList", "Example04_MyLinkedList\Example04_MyLinkedList.csproj", "{8C4FD649-7D5B-4B00-963F-5D8D442728D4}"
EndProject
Project("{FAE04EC0-301F-11D3-BF4B-00C04F79EFBC}") = "Example05_MyHashtable", "Example05_MyHashtable\Example05_MyHashtable.csproj", "{CAACAB7E-1F92-4B82-A780-CEFC9899688F}"
EndProject
Project("{FAE04EC0-301F-11D3-BF4B-00C04F79EFBC}") = "Example06_RollADice", "Example06_RollADice\Example06_RollADice.csproj", "{2C3B0D58-4CC4-4FA2-91E3-CFA473A20E3E}"
EndProject
Global
	GlobalSection(SolutionConfigurationPlatforms) = preSolution
		Debug|Any CPU = Debug|Any CPU
		Release|Any CPU = Release|Any CPU
	EndGlobalSection
	GlobalSection(ProjectConfigurationPlatforms) = postSolution
		{D8CE4B5A-A149-4A48-B66A-6527CB9FC045}.Debug|Any CPU.ActiveCfg = Debug|Any CPU
		{D8CE4B5A-A149-4A48-B66A-6527CB9FC045}.Debug|Any CPU.Build.0 = Debug|Any CPU
		{D8CE4B5A-A149-4A48-B66A-6527CB9FC045}.Release|Any CPU.ActiveCfg = Release|Any CPU
		{D8CE4B5A-A149-4A48-B66A-6527CB9FC045}.Release|Any CPU.Build.0 = Release|Any CPU
		{581EAFCA-8145-4DC5-93F2-E8D8D95A9104}.Debug|Any CPU.ActiveCfg = Debug|Any CPU
		{581EAFCA-8145-4DC5-93F2-E8D8D95A9104}.Debug|Any CPU.Build.0 = Debug|Any CPU
		{581EAFCA-8145-4DC5-93F2-E8D8D95A9104}.Release|Any CPU.ActiveCfg = Release|Any CPU
		{581EAFCA-8145-4DC5-93F2-E8D8D95A9104}.Release|Any CPU.Build.0 = Release|Any CPU
		{789CF2E2-B3AB-4ED9-843E-25E189DEA110}.Debug|Any CPU.ActiveCfg = Debug|Any CPU
		{789CF2E2-B3AB-4ED9-843E-25E189DEA110}.Debug|Any CPU.Build.0 = Debug|Any CPU
		{789CF2E2-B3AB-4ED9-843E-25E189DEA110}.Release|Any CPU.ActiveCfg = Release|Any CPU
		{789CF2E2-B3AB-4ED9-843E-25E189DEA110}.Release|Any CPU.Build.0 = Release|Any CPU
		{96537DAA-E8B5-4C24-B7E6-7CF8E2A48F55}.Debug|Any CPU.ActiveCfg = Debug|Any CPU
		{96537DAA-E8B5-4C24-B7E6-7CF8E2A48F55}.Debug|Any CPU.Build.0 = Debug|Any CPU
		{96537DAA-E8B5-4C24-B7E6-7CF8E2A48F55}.Release|Any CPU.ActiveCfg = Release|Any CPU
		{96537DAA-E8B5-4C24-B7E6-7CF8E2A48F55}.Release|Any CPU.Build.0 = Release|Any CPU
		{A4ACA92B-DFC0-417A-B96D-99B5FBB5120C}.Debug|Any CPU.ActiveCfg = Debug|Any CPU
		{A4ACA92B-DFC0-417A-B96D-99B5FBB5120C}.Debug|Any CPU.Build.0 = Debug|Any CPU
		{A4ACA92B-DFC0-417A-B96D-99B5FBB5120C}.Release|Any CPU.ActiveCfg = Release|Any CPU
		{A4ACA92B-DFC0-417A-B96D-99B5FBB5120C}.Release|Any CPU.Build.0 = Release|Any CPU
		{3CFF04BD-F758-4FD3-BFE4-FC6D72712D60}.Debug|Any CPU.ActiveCfg = Debug|Any CPU
		{3CFF04BD-F758-4FD3-BFE4-FC6D72712D60}.Debug|Any CPU.Build.0 = Debug|Any CPU
		{3CFF04BD-F758-4FD3-BFE4-FC6D72712D60}.Release|Any CPU.ActiveCfg = Release|Any CPU
		{3CFF04BD-F758-4FD3-BFE4-FC6D72712D60}.Release|Any CPU.Build.0 = Release|Any CPU
		{D965C2AD-414A-4240-86F5-821B21597EC4}.Debug|Any CPU.ActiveCfg = Debug|Any CPU
		{D965C2AD-414A-4240-86F5-821B21597EC4}.Debug|Any CPU.Build.0 = Debug|Any CPU
		{D965C2AD-414A-4240-86F5-821B21597EC4}.Release|Any CPU.ActiveCfg = Release|Any CPU
		{D965C2AD-414A-4240-86F5-821B21597EC4}.Release|Any CPU.Build.0 = Release|Any CPU
		{D5EFB569-CFBF-4A24-AE61-8B3265B65C15}.Debug|Any CPU.ActiveCfg = Debug|Any CPU
		{D5EFB569-CFBF-4A24-AE61-8B3265B65C15}.Debug|Any CPU.Build.0 = Debug|Any CPU
		{D5EFB569-CFBF-4A24-AE61-8B3265B65C15}.Release|Any CPU.ActiveCfg = Release|Any CPU
		{D5EFB569-CFBF-4A24-AE61-8B3265B65C15}.Release|Any CPU.Build.0 = Release|Any CPU
		{6FBC8594-EEAE-4782-9428-04707E413F96}.Debug|Any CPU.ActiveCfg = Debug|Any CPU
		{6FBC8594-EEAE-4782-9428-04707E413F96}.Debug|Any CPU.Build.0 = Debug|Any CPU
		{6FBC8594-EEAE-4782-9428-04707E413F96}.Release|Any CPU.ActiveCfg = Release|Any CPU
		{6FBC8594-EEAE-4782-9428-04707E413F96}.Release|Any CPU.Build.0 = Release|Any CPU
		{B95FF176-3387-409A-BF25-42F88B364B4E}.Debug|Any CPU.ActiveCfg = Debug|Any CPU
		{B95FF176-3387-409A-BF25-42F88B364B4E}.Debug|Any CPU.Build.0 = Debug|Any CPU
		{B95FF176-3387-409A-BF25-42F88B364B4E}.Release|Any CPU.ActiveCfg = Release|Any CPU
		{B95FF176-3387-409A-BF25-42F88B364B4E}.Release|Any CPU.Build.0 = Release|Any CPU
		{C5448632-B0A2-42C2-A633-7087923C2004}.Debug|Any CPU.ActiveCfg = Debug|Any CPU
		{C5448632-B0A2-42C2-A633-7087923C2004}.Debug|Any CPU.Build.0 = Debug|Any CPU
		{C5448632-B0A2-42C2-A633-7087923C2004}.Release|Any CPU.ActiveCfg = Release|Any CPU
		{C5448632-B0A2-42C2-A633-7087923C2004}.Release|Any CPU.Build.0 = Release|Any CPU
		{9440F129-5C2B-4FE2-9DB7-15B78CE9B5EA}.Debug|Any CPU.ActiveCfg = Debug|Any CPU
		{9440F129-5C2B-4FE2-9DB7-15B78CE9B5EA}.Debug|Any CPU.Build.0 = Debug|Any CPU
		{9440F129-5C2B-4FE2-9DB7-15B78CE9B5EA}.Release|Any CPU.ActiveCfg = Release|Any CPU
		{9440F129-5C2B-4FE2-9DB7-15B78CE9B5EA}.Release|Any CPU.Build.0 = Release|Any CPU
		{A20C0A35-34B7-42A9-8AF6-DC46DF89C962}.Debug|Any CPU.ActiveCfg = Debug|Any CPU
		{A20C0A35-34B7-42A9-8AF6-DC46DF89C962}.Debug|Any CPU.Build.0 = Debug|Any CPU
		{A20C0A35-34B7-42A9-8AF6-DC46DF89C962}.Release|Any CPU.ActiveCfg = Release|Any CPU
		{A20C0A35-34B7-42A9-8AF6-DC46DF89C962}.Release|Any CPU.Build.0 = Release|Any CPU
		{5C8921CE-34E0-427D-AC21-2E1DCD8B46CF}.Debug|Any CPU.ActiveCfg = Debug|Any CPU
		{5C8921CE-34E0-427D-AC21-2E1DCD8B46CF}.Debug|Any CPU.Build.0 = Debug|Any CPU
		{5C8921CE-34E0-427D-AC21-2E1DCD8B46CF}.Release|Any CPU.ActiveCfg = Release|Any CPU
		{5C8921CE-34E0-427D-AC21-2E1DCD8B46CF}.Release|Any CPU.Build.0 = Release|Any CPU
		{AA986499-832D-4525-80B1-278838C15EC8}.Debug|Any CPU.ActiveCfg = Debug|Any CPU
		{AA986499-832D-4525-80B1-278838C15EC8}.Debug|Any CPU.Build.0 = Debug|Any CPU
		{AA986499-832D-4525-80B1-278838C15EC8}.Release|Any CPU.ActiveCfg = Release|Any CPU
		{AA986499-832D-4525-80B1-278838C15EC8}.Release|Any CPU.Build.0 = Release|Any CPU
		{DDF0C105-C439-49A0-9937-B3BB45ADCFCE}.Debug|Any CPU.ActiveCfg = Debug|Any CPU
		{DDF0C105-C439-49A0-9937-B3BB45ADCFCE}.Debug|Any CPU.Build.0 = Debug|Any CPU
		{DDF0C105-C439-49A0-9937-B3BB45ADCFCE}.Release|Any CPU.ActiveCfg = Release|Any CPU
		{DDF0C105-C439-49A0-9937-B3BB45ADCFCE}.Release|Any CPU.Build.0 = Release|Any CPU
		{8C4FD649-7D5B-4B00-963F-5D8D442728D4}.Debug|Any CPU.ActiveCfg = Debug|Any CPU
		{8C4FD649-7D5B-4B00-963F-5D8D442728D4}.Debug|Any CPU.Build.0 = Debug|Any CPU
		{8C4FD649-7D5B-4B00-963F-5D8D442728D4}.Release|Any CPU.ActiveCfg = Release|Any CPU
		{8C4FD649-7D5B-4B00-963F-5D8D442728D4}.Release|Any CPU.Build.0 = Release|Any CPU
		{CAACAB7E-1F92-4B82-A780-CEFC9899688F}.Debug|Any CPU.ActiveCfg = Debug|Any CPU
		{CAACAB7E-1F92-4B82-A780-CEFC9899688F}.Debug|Any CPU.Build.0 = Debug|Any CPU
		{CAACAB7E-1F92-4B82-A780-CEFC9899688F}.Release|Any CPU.ActiveCfg = Release|Any CPU
		{CAACAB7E-1F92-4B82-A780-CEFC9899688F}.Release|Any CPU.Build.0 = Release|Any CPU
		{2C3B0D58-4CC4-4FA2-91E3-CFA473A20E3E}.Debug|Any CPU.ActiveCfg = Debug|Any CPU
		{2C3B0D58-4CC4-4FA2-91E3-CFA473A20E3E}.Debug|Any CPU.Build.0 = Debug|Any CPU
		{2C3B0D58-4CC4-4FA2-91E3-CFA473A20E3E}.Release|Any CPU.ActiveCfg = Release|Any CPU
		{2C3B0D58-4CC4-4FA2-91E3-CFA473A20E3E}.Release|Any CPU.Build.0 = Release|Any CPU
	EndGlobalSection
	GlobalSection(SolutionProperties) = preSolution
		HideSolutionNode = FALSE
	EndGlobalSection
	GlobalSection(ExtensibilityGlobals) = postSolution
		SolutionGuid = {CDA6C7F2-2223-4589-AE38-31CEAFFB60C2}
	EndGlobalSection
EndGlobal
